
Microsoft Visual Studio Solution File, Format Version 12.00
# Visual Studio Version 16
VisualStudioVersion = 16.0.30804.86
MinimumVisualStudioVersion = 10.0.40219.1
Project("{FAE04EC0-301F-11D3-BF4B-00C04F79EFBC}") = "AlienTorpedoSite", "AlienTorpedoSite\AlienTorpedoSite.csproj", "{9BF120B6-4D18-4000-BFBB-AD808EAA2B0C}"
EndProject
Global
	GlobalSection(SolutionConfigurationPlatforms) = preSolution
		Debug|Any CPU = Debug|Any CPU
		Release|Any CPU = Release|Any CPU
	EndGlobalSection
	GlobalSection(ProjectConfigurationPlatforms) = postSolution
		{9BF120B6-4D18-4000-BFBB-AD808EAA2B0C}.Debug|Any CPU.ActiveCfg = Debug|Any CPU
		{9BF120B6-4D18-4000-BFBB-AD808EAA2B0C}.Debug|Any CPU.Build.0 = Debug|Any CPU
		{9BF120B6-4D18-4000-BFBB-AD808EAA2B0C}.Release|Any CPU.ActiveCfg = Release|Any CPU
		{9BF120B6-4D18-4000-BFBB-AD808EAA2B0C}.Release|Any CPU.Build.0 = Release|Any CPU
	EndGlobalSection
	GlobalSection(SolutionProperties) = preSolution
		HideSolutionNode = FALSE
	EndGlobalSection
	GlobalSection(ExtensibilityGlobals) = postSolution
		SolutionGuid = {5B4D2941-6317-4BF8-A398-9232AB0F315E}
	EndGlobalSection
EndGlobal
