
Microsoft Visual Studio Solution File, Format Version 12.00
# Visual Studio Version 16
VisualStudioVersion = 16.0.30804.86
MinimumVisualStudioVersion = 10.0.40219.1
Project("{FAE04EC0-301F-11D3-BF4B-00C04F79EFBC}") = "AlienTorpedoAPI", "AlienTorpedoAPI\AlienTorpedoAPI.csproj", "{3EBBB4F8-B598-4D0B-A4C7-B61D91B7E424}"
EndProject
Global
	GlobalSection(SolutionConfigurationPlatforms) = preSolution
		Debug|Any CPU = Debug|Any CPU
		Release|Any CPU = Release|Any CPU
	EndGlobalSection
	GlobalSection(ProjectConfigurationPlatforms) = postSolution
		{3EBBB4F8-B598-4D0B-A4C7-B61D91B7E424}.Debug|Any CPU.ActiveCfg = Debug|Any CPU
		{3EBBB4F8-B598-4D0B-A4C7-B61D91B7E424}.Debug|Any CPU.Build.0 = Debug|Any CPU
		{3EBBB4F8-B598-4D0B-A4C7-B61D91B7E424}.Release|Any CPU.ActiveCfg = Release|Any CPU
		{3EBBB4F8-B598-4D0B-A4C7-B61D91B7E424}.Release|Any CPU.Build.0 = Release|Any CPU
	EndGlobalSection
	GlobalSection(SolutionProperties) = preSolution
		HideSolutionNode = FALSE
	EndGlobalSection
	GlobalSection(ExtensibilityGlobals) = postSolution
		SolutionGuid = {49DE850F-34E2-4FC9-AE2B-7E402EEE2189}
	EndGlobalSection
EndGlobal
